
Microsoft Visual Studio Solution File, Format Version 12.00
# Visual Studio 15
VisualStudioVersion = 15.0.28307.705
MinimumVisualStudioVersion = 10.0.40219.1
Project("{9A19103F-16F7-4668-BE54-9A1E7A4F7556}") = "FragmentLab", "FragmentLab\FragmentLab.csproj", "{D1217B8C-10FD-4EAD-AF76-9C205E005E26}"
EndProject
Global
	GlobalSection(SolutionConfigurationPlatforms) = preSolution
		Debug|Any CPU = Debug|Any CPU
		Release|Any CPU = Release|Any CPU
	EndGlobalSection
	GlobalSection(ProjectConfigurationPlatforms) = postSolution
		{D1217B8C-10FD-4EAD-AF76-9C205E005E26}.Debug|Any CPU.ActiveCfg = Debug|Any CPU
		{D1217B8C-10FD-4EAD-AF76-9C205E005E26}.Debug|Any CPU.Build.0 = Debug|Any CPU
		{D1217B8C-10FD-4EAD-AF76-9C205E005E26}.Release|Any CPU.ActiveCfg = Release|Any CPU
		{D1217B8C-10FD-4EAD-AF76-9C205E005E26}.Release|Any CPU.Build.0 = Release|Any CPU
	EndGlobalSection
	GlobalSection(SolutionProperties) = preSolution
		HideSolutionNode = FALSE
	EndGlobalSection
	GlobalSection(ExtensibilityGlobals) = postSolution
		SolutionGuid = {164E1073-8C0C-4FCB-BF19-170B42E9F6D9}
	EndGlobalSection
EndGlobal
