
Microsoft Visual Studio Solution File, Format Version 12.00
# Visual Studio 15
VisualStudioVersion = 15.0.28307.1433
MinimumVisualStudioVersion = 10.0.40219.1
Project("{2150E333-8FDC-42A3-9474-1A3956D46DE8}") = "Source", "Source", "{E70827ED-D0AE-46BF-A614-DDDB043B70BF}"
EndProject
Project("{2150E333-8FDC-42A3-9474-1A3956D46DE8}") = "Installer", "Installer", "{03B643AD-8B22-4D11-B95F-437BC8A59F1A}"
EndProject
Project("{9A19103F-16F7-4668-BE54-9A1E7A4F7556}") = "FragmentLab", "Source\FragmentLab\FragmentLab.csproj", "{6F94CC9B-3715-4816-94EE-D2417AEFEF42}"
EndProject
Project("{930C7802-8A8C-48F9-8165-68863BCCD9DD}") = "Installer", "Source\Installer\Installer.wixproj", "{404F362F-E445-4352-AEE8-F108454FA404}"
	ProjectSection(ProjectDependencies) = postProject
		{6F94CC9B-3715-4816-94EE-D2417AEFEF42} = {6F94CC9B-3715-4816-94EE-D2417AEFEF42}
	EndProjectSection
EndProject
Project("{2150E333-8FDC-42A3-9474-1A3956D46DE8}") = "Ci", "Ci", "{D402C6A1-C56D-48A3-881A-2696F42EFE34}"
	ProjectSection(SolutionItems) = preProject
		.gitlab-ci.yml = .gitlab-ci.yml
	EndProjectSection
EndProject
Global
	GlobalSection(SolutionConfigurationPlatforms) = preSolution
		Debug|Any CPU = Debug|Any CPU
		Debug|x86 = Debug|x86
		Release|Any CPU = Release|Any CPU
		Release|x86 = Release|x86
	EndGlobalSection
	GlobalSection(ProjectConfigurationPlatforms) = postSolution
		{6F94CC9B-3715-4816-94EE-D2417AEFEF42}.Debug|Any CPU.ActiveCfg = Debug|Any CPU
		{6F94CC9B-3715-4816-94EE-D2417AEFEF42}.Debug|Any CPU.Build.0 = Debug|Any CPU
		{6F94CC9B-3715-4816-94EE-D2417AEFEF42}.Debug|x86.ActiveCfg = Debug|Any CPU
		{6F94CC9B-3715-4816-94EE-D2417AEFEF42}.Debug|x86.Build.0 = Debug|Any CPU
		{6F94CC9B-3715-4816-94EE-D2417AEFEF42}.Release|Any CPU.ActiveCfg = Release|Any CPU
		{6F94CC9B-3715-4816-94EE-D2417AEFEF42}.Release|Any CPU.Build.0 = Release|Any CPU
		{6F94CC9B-3715-4816-94EE-D2417AEFEF42}.Release|x86.ActiveCfg = Release|Any CPU
		{6F94CC9B-3715-4816-94EE-D2417AEFEF42}.Release|x86.Build.0 = Release|Any CPU
		{404F362F-E445-4352-AEE8-F108454FA404}.Debug|Any CPU.ActiveCfg = Debug|x86
		{404F362F-E445-4352-AEE8-F108454FA404}.Debug|x86.ActiveCfg = Debug|x86
		{404F362F-E445-4352-AEE8-F108454FA404}.Debug|x86.Build.0 = Debug|x86
		{404F362F-E445-4352-AEE8-F108454FA404}.Release|Any CPU.ActiveCfg = Release|x86
		{404F362F-E445-4352-AEE8-F108454FA404}.Release|x86.ActiveCfg = Release|x86
		{404F362F-E445-4352-AEE8-F108454FA404}.Release|x86.Build.0 = Release|x86
	EndGlobalSection
	GlobalSection(SolutionProperties) = preSolution
		HideSolutionNode = FALSE
	EndGlobalSection
	GlobalSection(NestedProjects) = preSolution
		{6F94CC9B-3715-4816-94EE-D2417AEFEF42} = {E70827ED-D0AE-46BF-A614-DDDB043B70BF}
		{404F362F-E445-4352-AEE8-F108454FA404} = {03B643AD-8B22-4D11-B95F-437BC8A59F1A}
	EndGlobalSection
	GlobalSection(ExtensibilityGlobals) = postSolution
		SolutionGuid = {164E1073-8C0C-4FCB-BF19-170B42E9F6D9}
	EndGlobalSection
EndGlobal
